Microsoft Visual Studio Solution File, Format Version 11.00
# Visual Studio 2008

Project("{BD261BAD-8A0B-9F33-69E5-293C5818D79A}") = "GetDataset", "Assembly-CSharp.csproj", "{8CA8E308-18B9-1C82-2E9B-4DFCC1D5C2FB}"
EndProject
Project("{BD261BAD-8A0B-9F33-69E5-293C5818D79A}") = "GetDataset", "Assembly-CSharp-Editor.csproj", "{42F2A191-E0D6-E5DD-5A0A-0C82CA63988A}"
EndProject
Global
	GlobalSection(SolutionConfigurationPlatforms) = preSolution
		Debug|Any CPU = Debug|Any CPU
		Release|Any CPU = Release|Any CPU
	EndGlobalSection
	GlobalSection(ProjectConfigurationPlatforms) = postSolution
		{8CA8E308-18B9-1C82-2E9B-4DFCC1D5C2FB}.Debug|Any CPU.ActiveCfg = Debug|Any CPU
		{8CA8E308-18B9-1C82-2E9B-4DFCC1D5C2FB}.Debug|Any CPU.Build.0 = Debug|Any CPU
		{8CA8E308-18B9-1C82-2E9B-4DFCC1D5C2FB}.Release|Any CPU.ActiveCfg = Release|Any CPU
		{8CA8E308-18B9-1C82-2E9B-4DFCC1D5C2FB}.Release|Any CPU.Build.0 = Release|Any CPU
		{42F2A191-E0D6-E5DD-5A0A-0C82CA63988A}.Debug|Any CPU.ActiveCfg = Debug|Any CPU
		{42F2A191-E0D6-E5DD-5A0A-0C82CA63988A}.Debug|Any CPU.Build.0 = Debug|Any CPU
		{42F2A191-E0D6-E5DD-5A0A-0C82CA63988A}.Release|Any CPU.ActiveCfg = Release|Any CPU
		{42F2A191-E0D6-E5DD-5A0A-0C82CA63988A}.Release|Any CPU.Build.0 = Release|Any CPU
	EndGlobalSection
	GlobalSection(SolutionProperties) = preSolution
		HideSolutionNode = FALSE
	EndGlobalSection
	GlobalSection(MonoDevelopProperties) = preSolution
		StartupItem = Assembly-CSharp.csproj
	EndGlobalSection
EndGlobal
