
Microsoft Visual Studio Solution File, Format Version 12.00
# Visual Studio 2015
Project("{FAE04EC0-301F-11D3-BF4B-00C04F79EFBC}") = "GetDataset.CSharp", "GetDataset.CSharp.csproj", "{2BF514F9-E17A-7A07-94B0-5670487151F0}"
EndProject
Project("{FAE04EC0-301F-11D3-BF4B-00C04F79EFBC}") = "GetDataset.CSharp.Editor", "GetDataset.CSharp.Editor.csproj", "{F3A0A8A0-9CEA-01D2-997C-41DA49F08EC4}"
EndProject
Global
	GlobalSection(SolutionConfigurationPlatforms) = preSolution
		Debug|Any CPU = Debug|Any CPU
		Release|Any CPU = Release|Any CPU
	EndGlobalSection
	GlobalSection(ProjectConfigurationPlatforms) = postSolution
		{2BF514F9-E17A-7A07-94B0-5670487151F0}.Debug|Any CPU.ActiveCfg = Debug|Any CPU
		{2BF514F9-E17A-7A07-94B0-5670487151F0}.Debug|Any CPU.Build.0 = Debug|Any CPU
		{2BF514F9-E17A-7A07-94B0-5670487151F0}.Release|Any CPU.ActiveCfg = Release|Any CPU
		{2BF514F9-E17A-7A07-94B0-5670487151F0}.Release|Any CPU.Build.0 = Release|Any CPU
		{F3A0A8A0-9CEA-01D2-997C-41DA49F08EC4}.Debug|Any CPU.ActiveCfg = Debug|Any CPU
		{F3A0A8A0-9CEA-01D2-997C-41DA49F08EC4}.Debug|Any CPU.Build.0 = Debug|Any CPU
		{F3A0A8A0-9CEA-01D2-997C-41DA49F08EC4}.Release|Any CPU.ActiveCfg = Release|Any CPU
		{F3A0A8A0-9CEA-01D2-997C-41DA49F08EC4}.Release|Any CPU.Build.0 = Release|Any CPU
	EndGlobalSection
	GlobalSection(SolutionProperties) = preSolution
		HideSolutionNode = FALSE
	EndGlobalSection
EndGlobal
